
Microsoft Visual Studio Solution File, Format Version 12.00
# Visual Studio 15
VisualStudioVersion = 15.0.28307.1321
MinimumVisualStudioVersion = 10.0.40219.1
Project("{8BC9CEB8-8B4A-11D0-8D11-00A0C91BC942}") = "Server", "Server\Server.vcxproj", "{F89A9321-D86E-402A-86C4-B2B91DE64247}"
EndProject
Project("{FAE04EC0-301F-11D3-BF4B-00C04F79EFBC}") = "Client", "Client\Client.csproj", "{AE4931F5-346E-436E-9BF5-561BC86E3527}"
EndProject
Global
	GlobalSection(SolutionConfigurationPlatforms) = preSolution
		Debug|Any CPU = Debug|Any CPU
		Debug|x64 = Debug|x64
		Debug|x86 = Debug|x86
		Release|Any CPU = Release|Any CPU
		Release|x64 = Release|x64
		Release|x86 = Release|x86
	EndGlobalSection
	GlobalSection(ProjectConfigurationPlatforms) = postSolution
		{F89A9321-D86E-402A-86C4-B2B91DE64247}.Debug|Any CPU.ActiveCfg = Debug|Win32
		{F89A9321-D86E-402A-86C4-B2B91DE64247}.Debug|x64.ActiveCfg = Debug|x64
		{F89A9321-D86E-402A-86C4-B2B91DE64247}.Debug|x64.Build.0 = Debug|x64
		{F89A9321-D86E-402A-86C4-B2B91DE64247}.Debug|x86.ActiveCfg = Debug|Win32
		{F89A9321-D86E-402A-86C4-B2B91DE64247}.Debug|x86.Build.0 = Debug|Win32
		{F89A9321-D86E-402A-86C4-B2B91DE64247}.Release|Any CPU.ActiveCfg = Release|Win32
		{F89A9321-D86E-402A-86C4-B2B91DE64247}.Release|x64.ActiveCfg = Release|x64
		{F89A9321-D86E-402A-86C4-B2B91DE64247}.Release|x64.Build.0 = Release|x64
		{F89A9321-D86E-402A-86C4-B2B91DE64247}.Release|x86.ActiveCfg = Release|Win32
		{F89A9321-D86E-402A-86C4-B2B91DE64247}.Release|x86.Build.0 = Release|Win32
		{AE4931F5-346E-436E-9BF5-561BC86E3527}.Debug|Any CPU.ActiveCfg = Debug|Any CPU
		{AE4931F5-346E-436E-9BF5-561BC86E3527}.Debug|Any CPU.Build.0 = Debug|Any CPU
		{AE4931F5-346E-436E-9BF5-561BC86E3527}.Debug|x64.ActiveCfg = Debug|Any CPU
		{AE4931F5-346E-436E-9BF5-561BC86E3527}.Debug|x64.Build.0 = Debug|Any CPU
		{AE4931F5-346E-436E-9BF5-561BC86E3527}.Debug|x86.ActiveCfg = Debug|Any CPU
		{AE4931F5-346E-436E-9BF5-561BC86E3527}.Debug|x86.Build.0 = Debug|Any CPU
		{AE4931F5-346E-436E-9BF5-561BC86E3527}.Release|Any CPU.ActiveCfg = Release|Any CPU
		{AE4931F5-346E-436E-9BF5-561BC86E3527}.Release|Any CPU.Build.0 = Release|Any CPU
		{AE4931F5-346E-436E-9BF5-561BC86E3527}.Release|x64.ActiveCfg = Release|Any CPU
		{AE4931F5-346E-436E-9BF5-561BC86E3527}.Release|x64.Build.0 = Release|Any CPU
		{AE4931F5-346E-436E-9BF5-561BC86E3527}.Release|x86.ActiveCfg = Release|Any CPU
		{AE4931F5-346E-436E-9BF5-561BC86E3527}.Release|x86.Build.0 = Release|Any CPU
	EndGlobalSection
	GlobalSection(SolutionProperties) = preSolution
		HideSolutionNode = FALSE
	EndGlobalSection
	GlobalSection(ExtensibilityGlobals) = postSolution
		SolutionGuid = {EF8B0C9A-7323-4520-B901-C592B2E75A94}
	EndGlobalSection
EndGlobal
